// !$*UTF8*$!
{
	archiveVersion = 1;
	classes = {
	};
	objectVersion = 50;
	objects = {

/* Begin PBXBuildFile section */
		2C5D8C8C2647830600D05CFD /* AppDelegate.swift in Sources */ = {isa = PBXBuildFile; fileRef = 2C5D8C8B2647830600D05CFD /* AppDelegate.swift */; };
		2C5D8C8E2647830600D05CFD /* SceneDelegate.swift in Sources */ = {isa = PBXBuildFile; fileRef = 2C5D8C8D2647830600D05CFD /* SceneDelegate.swift */; };
		2C5D8C902647830600D05CFD /* EmojiMemoryGameView.swift in Sources */ = {isa = PBXBuildFile; fileRef = 2C5D8C8F2647830600D05CFD /* EmojiMemoryGameView.swift */; };
		2C5D8C932647830600D05CFD /* Memorize_stanford_2.xcdatamodeld in Sources */ = {isa = PBXBuildFile; fileRef = 2C5D8C912647830600D05CFD /* Memorize_stanford_2.xcdatamodeld */; };
		2C5D8C952647830700D05CFD /* Assets.xcassets in Resources */ = {isa = PBXBuildFile; fileRef = 2C5D8C942647830700D05CFD /* Assets.xcassets */; };
		2C5D8C982647830700D05CFD /* Preview Assets.xcassets in Resources */ = {isa = PBXBuildFile; fileRef = 2C5D8C972647830700D05CFD /* Preview Assets.xcassets */; };
		2C5D8C9B2647830700D05CFD /* LaunchScreen.storyboard in Resources */ = {isa = PBXBuildFile; fileRef = 2C5D8C992647830700D05CFD /* LaunchScreen.storyboard */; };
		2C5D8CA42647841E00D05CFD /* MemoryGame.swift in Sources */ = {isa = PBXBuildFile; fileRef = 2C5D8CA32647841D00D05CFD /* MemoryGame.swift */; };
		2C5D8CA72647E10600D05CFD /* EmojiMemoryGameVM.swift in Sources */ = {isa = PBXBuildFile; fileRef = 2C5D8CA62647E10600D05CFD /* EmojiMemoryGameVM.swift */; };
		2CDDA8F3264F158B00C50F77 /* Grid.swift in Sources */ = {isa = PBXBuildFile; fileRef = 2CDDA8F2264F158B00C50F77 /* Grid.swift */; };
/* End PBXBuildFile section */

/* Begin PBXFileReference section */
		2C5D8C882647830600D05CFD /* Memorize_stanford_4.app */ = {isa = PBXFileReference; explicitFileType = wrapper.application; includeInIndex = 0; path = Memorize_stanford_4.app; sourceTree = BUILT_PRODUCTS_DIR; };
		2C5D8C8B2647830600D05CFD /* AppDelegate.swift */ = {isa = PBXFileReference; lastKnownFileType = sourcecode.swift; path = AppDelegate.swift; sourceTree = "<group>"; };
		2C5D8C8D2647830600D05CFD /* SceneDelegate.swift */ = {isa = PBXFileReference; lastKnownFileType = sourcecode.swift; path = SceneDelegate.swift; sourceTree = "<group>"; };
		2C5D8C8F2647830600D05CFD /* EmojiMemoryGameView.swift */ = {isa = PBXFileReference; lastKnownFileType = sourcecode.swift; path = EmojiMemoryGameView.swift; sourceTree = "<group>"; };
		2C5D8C922647830600D05CFD /* Memorize_stanford_2.xcdatamodel */ = {isa = PBXFileReference; lastKnownFileType = wrapper.xcdatamodel; path = Memorize_stanford_2.xcdatamodel; sourceTree = "<group>"; };
		2C5D8C942647830700D05CFD /* Assets.xcassets */ = {isa = PBXFileReference; lastKnownFileType = folder.assetcatalog; path = Assets.xcassets; sourceTree = "<group>"; };
		2C5D8C972647830700D05CFD /* Preview Assets.xcassets */ = {isa = PBXFileReference; lastKnownFileType = folder.assetcatalog; path = "Preview Assets.xcassets"; sourceTree = "<group>"; };
		2C5D8C9A2647830700D05CFD /* Base */ = {isa = PBXFileReference; lastKnownFileType = file.storyboard; name = Base; path = Base.lproj/LaunchScreen.storyboard; sourceTree = "<group>"; };
		2C5D8C9C2647830700D05CFD /* Info.plist */ = {isa = PBXFileReference; lastKnownFileType = text.plist.xml; path = Info.plist; sourceTree = "<group>"; };
		2C5D8CA32647841D00D05CFD /* MemoryGame.swift */ = {isa = PBXFileReference; lastKnownFileType = sourcecode.swift; path = MemoryGame.swift; sourceTree = "<group>"; };
		2C5D8CA62647E10600D05CFD /* EmojiMemoryGameVM.swift */ = {isa = PBXFileReference; lastKnownFileType = sourcecode.swift; path = EmojiMemoryGameVM.swift; sourceTree = "<group>"; };
		2CDDA8F2264F158B00C50F77 /* Grid.swift */ = {isa = PBXFileReference; lastKnownFileType = sourcecode.swift; path = Grid.swift; sourceTree = "<group>"; };
/* End PBXFileReference section */

/* Begin PBXFrameworksBuildPhase section */
		2C5D8C852647830600D05CFD /* Frameworks */ = {
			isa = PBXFrameworksBuildPhase;
			buildActionMask = 2147483647;
			files = (
			);
			runOnlyForDeploymentPostprocessing = 0;
		};
/* End PBXFrameworksBuildPhase section */

/* Begin PBXGroup section */
		2C5D8C7F2647830600D05CFD = {
			isa = PBXGroup;
			children = (
				2C5D8C8A2647830600D05CFD /* Memorize_stanford_2 */,
				2C5D8C892647830600D05CFD /* Products */,
			);
			sourceTree = "<group>";
		};
		2C5D8C892647830600D05CFD /* Products */ = {
			isa = PBXGroup;
			children = (
				2C5D8C882647830600D05CFD /* Memorize_stanford_4.app */,
			);
			name = Products;
			sourceTree = "<group>";
		};
		2C5D8C8A2647830600D05CFD /* Memorize_stanford_2 */ = {
			isa = PBXGroup;
			children = (
				2C5D8C8B2647830600D05CFD /* AppDelegate.swift */,
				2C5D8C8D2647830600D05CFD /* SceneDelegate.swift */,
				2C5D8C8F2647830600D05CFD /* EmojiMemoryGameView.swift */,
				2CDDA8F2264F158B00C50F77 /* Grid.swift */,
				2C5D8CA32647841D00D05CFD /* MemoryGame.swift */,
				2C5D8CA62647E10600D05CFD /* EmojiMemoryGameVM.swift */,
				2C5D8C942647830700D05CFD /* Assets.xcassets */,
				2C5D8C992647830700D05CFD /* LaunchScreen.storyboard */,
				2C5D8C9C2647830700D05CFD /* Info.plist */,
				2C5D8C912647830600D05CFD /* Memorize_stanford_2.xcdatamodeld */,
				2C5D8C962647830700D05CFD /* Preview Content */,
			);
			path = Memorize_stanford_2;
			sourceTree = "<group>";
		};
		2C5D8C962647830700D05CFD /* Preview Content */ = {
			isa = PBXGroup;
			children = (
				2C5D8C972647830700D05CFD /* Preview Assets.xcassets */,
			);
			path = "Preview Content";
			sourceTree = "<group>";
		};
/* End PBXGroup section */

/* Begin PBXNativeTarget section */
		2C5D8C872647830600D05CFD /* Memorize_stanford_4 */ = {
			isa = PBXNativeTarget;
			buildConfigurationList = 2C5D8C9F2647830700D05CFD /* Build configuration list for PBXNativeTarget "Memorize_stanford_4" */;
			buildPhases = (
				2C5D8C842647830600D05CFD /* Sources */,
				2C5D8C852647830600D05CFD /* Frameworks */,
				2C5D8C862647830600D05CFD /* Resources */,
			);
			buildRules = (
			);
			dependencies = (
			);
			name = Memorize_stanford_4;
			productName = Memorize_stanford_2;
			productReference = 2C5D8C882647830600D05CFD /* Memorize_stanford_4.app */;
			productType = "com.apple.product-type.application";
		};
/* End PBXNativeTarget section */

/* Begin PBXProject section */
		2C5D8C802647830600D05CFD /* Project object */ = {
			isa = PBXProject;
			attributes = {
				LastSwiftUpdateCheck = 1220;
				LastUpgradeCheck = 1220;
				TargetAttributes = {
					2C5D8C872647830600D05CFD = {
						CreatedOnToolsVersion = 12.2;
					};
				};
			};
			buildConfigurationList = 2C5D8C832647830600D05CFD /* Build configuration list for PBXProject "Memorize_stanford_4" */;
			compatibilityVersion = "Xcode 9.3";
			developmentRegion = en;
			hasScannedForEncodings = 0;
			knownRegions = (
				en,
				Base,
			);
			mainGroup = 2C5D8C7F2647830600D05CFD;
			productRefGroup = 2C5D8C892647830600D05CFD /* Products */;
			projectDirPath = "";
			projectRoot = "";
			targets = (
				2C5D8C872647830600D05CFD /* Memorize_stanford_4 */,
			);
		};
/* End PBXProject section */

/* Begin PBXResourcesBuildPhase section */
		2C5D8C862647830600D05CFD /* Resources */ = {
			isa = PBXResourcesBuildPhase;
			buildActionMask = 2147483647;
			files = (
				2C5D8C9B2647830700D05CFD /* LaunchScreen.storyboard in Resources */,
				2C5D8C982647830700D05CFD /* Preview Assets.xcassets in Resources */,
				2C5D8C952647830700D05CFD /* Assets.xcassets in Resources */,
			);
			runOnlyForDeploymentPostprocessing = 0;
		};
/* End PBXResourcesBuildPhase section */

/* Begin PBXSourcesBuildPhase section */
		2C5D8C842647830600D05CFD /* Sources */ = {
			isa = PBXSourcesBuildPhase;
			buildActionMask = 2147483647;
			files = (
				2C5D8CA72647E10600D05CFD /* EmojiMemoryGameVM.swift in Sources */,
				2C5D8C8C2647830600D05CFD /* AppDelegate.swift in Sources */,
				2C5D8C8E2647830600D05CFD /* SceneDelegate.swift in Sources */,
				2C5D8CA42647841E00D05CFD /* MemoryGame.swift in Sources */,
				2C5D8C932647830600D05CFD /* Memorize_stanford_2.xcdatamodeld in Sources */,
				2CDDA8F3264F158B00C50F77 /* Grid.swift in Sources */,
				2C5D8C902647830600D05CFD /* EmojiMemoryGameView.swift in Sources */,
			);
			runOnlyForDeploymentPostprocessing = 0;
		};
/* End PBXSourcesBuildPhase section */

/* Begin PBXVariantGroup section */
		2C5D8C992647830700D05CFD /* LaunchScreen.storyboard */ = {
			isa = PBXVariantGroup;
			children = (
				2C5D8C9A2647830700D05CFD /* Base */,
			);
			name = LaunchScreen.storyboard;
			sourceTree = "<group>";
		};
/* End PBXVariantGroup section */

/* Begin XCBuildConfiguration section */
		2C5D8C9D2647830700D05CFD /* Debug */ = {
			isa = XCBuildConfiguration;
			buildSettings = {
				ALWAYS_SEARCH_USER_PATHS = NO;
				CLANG_ANALYZER_NONNULL = YES;
				CLANG_ANALYZER_NUMBER_OBJECT_CONVERSION = YES_AGGRESSIVE;
				CLANG_CXX_LANGUAGE_STANDARD = "gnu++14";
				CLANG_CXX_LIBRARY = "libc++";
				CLANG_ENABLE_MODULES = YES;
				CLANG_ENABLE_OBJC_ARC = YES;
				CLANG_ENABLE_OBJC_WEAK = YES;
				CLANG_WARN_BLOCK_CAPTURE_AUTORELEASING = YES;
				CLANG_WARN_BOOL_CONVERSION = YES;
				CLANG_WARN_COMMA = YES;
				CLANG_WARN_CONSTANT_CONVERSION = YES;
				CLANG_WARN_DEPRECATED_OBJC_IMPLEMENTATIONS = YES;
				CLANG_WARN_DIRECT_OBJC_ISA_USAGE = YES_ERROR;
				CLANG_WARN_DOCUMENTATION_COMMENTS = YES;
				CLANG_WARN_EMPTY_BODY = YES;
				CLANG_WARN_ENUM_CONVERSION = YES;
				CLANG_WARN_INFINITE_RECURSION = YES;
				CLANG_WARN_INT_CONVERSION = YES;
				CLANG_WARN_NON_LITERAL_NULL_CONVERSION = YES;
				CLANG_WARN_OBJC_IMPLICIT_RETAIN_SELF = YES;
				CLANG_WARN_OBJC_LITERAL_CONVERSION = YES;
				CLANG_WARN_OBJC_ROOT_CLASS = YES_ERROR;
				CLANG_WARN_QUOTED_INCLUDE_IN_FRAMEWORK_HEADER = YES;
				CLANG_WARN_RANGE_LOOP_ANALYSIS = YES;
				CLANG_WARN_STRICT_PROTOTYPES = YES;
				CLANG_WARN_SUSPICIOUS_MOVE = YES;
				CLANG_WARN_UNGUARDED_AVAILABILITY = YES_AGGRESSIVE;
				CLANG_WARN_UNREACHABLE_CODE = YES;
				CLANG_WARN__DUPLICATE_METHOD_MATCH = YES;
				COPY_PHASE_STRIP = NO;
				DEBUG_INFORMATION_FORMAT = dwarf;
				ENABLE_STRICT_OBJC_MSGSEND = YES;
				ENABLE_TESTABILITY = YES;
				GCC_C_LANGUAGE_STANDARD = gnu11;
				GCC_DYNAMIC_NO_PIC = NO;
				GCC_NO_COMMON_BLOCKS = YES;
				GCC_OPTIMIZATION_LEVEL = 0;
				GCC_PREPROCESSOR_DEFINITIONS = (
					"DEBUG=1",
					"$(inherited)",
				);
				GCC_WARN_64_TO_32_BIT_CONVERSION = YES;
				GCC_WARN_ABOUT_RETURN_TYPE = YES_ERROR;
				GCC_WARN_UNDECLARED_SELECTOR = YES;
				GCC_WARN_UNINITIALIZED_AUTOS = YES_AGGRESSIVE;
				GCC_WARN_UNUSED_FUNCTION = YES;
				GCC_WARN_UNUSED_VARIABLE = YES;
				IPHONEOS_DEPLOYMENT_TARGET = 14.2;
				MTL_ENABLE_DEBUG_INFO = INCLUDE_SOURCE;
				MTL_FAST_MATH = YES;
				ONLY_ACTIVE_ARCH = YES;
				SDKROOT = iphoneos;
				SWIFT_ACTIVE_COMPILATION_CONDITIONS = DEBUG;
				SWIFT_OPTIMIZATION_LEVEL = "-Onone";
			};
			name = Debug;
		};
		2C5D8C9E2647830700D05CFD /* Release */ = {
			isa = XCBuildConfiguration;
			buildSettings = {
				ALWAYS_SEARCH_USER_PATHS = NO;
				CLANG_ANALYZER_NONNULL = YES;
				CLANG_ANALYZER_NUMBER_OBJECT_CONVERSION = YES_AGGRESSIVE;
				CLANG_CXX_LANGUAGE_STANDARD = "gnu++14";
				CLANG_CXX_LIBRARY = "libc++";
				CLANG_ENABLE_MODULES = YES;
				CLANG_ENABLE_OBJC_ARC = YES;
				CLANG_ENABLE_OBJC_WEAK = YES;
				CLANG_WARN_BLOCK_CAPTURE_AUTORELEASING = YES;
				CLANG_WARN_BOOL_CONVERSION = YES;
				CLANG_WARN_COMMA = YES;
				CLANG_WARN_CONSTANT_CONVERSION = YES;
				CLANG_WARN_DEPRECATED_OBJC_IMPLEMENTATIONS = YES;
				CLANG_WARN_DIRECT_OBJC_ISA_USAGE = YES_ERROR;
				CLANG_WARN_DOCUMENTATION_COMMENTS = YES;
				CLANG_WARN_EMPTY_BODY = YES;
				CLANG_WARN_ENUM_CONVERSION = YES;
				CLANG_WARN_INFINITE_RECURSION = YES;
				CLANG_WARN_INT_CONVERSION = YES;
				CLANG_WARN_NON_LITERAL_NULL_CONVERSION = YES;
				CLANG_WARN_OBJC_IMPLICIT_RETAIN_SELF = YES;
				CLANG_WARN_OBJC_LITERAL_CONVERSION = YES;
				CLANG_WARN_OBJC_ROOT_CLASS = YES_ERROR;
				CLANG_WARN_QUOTED_INCLUDE_IN_FRAMEWORK_HEADER = YES;
				CLANG_WARN_RANGE_LOOP_ANALYSIS = YES;
				CLANG_WARN_STRICT_PROTOTYPES = YES;
				CLANG_WARN_SUSPICIOUS_MOVE = YES;
				CLANG_WARN_UNGUARDED_AVAILABILITY = YES_AGGRESSIVE;
				CLANG_WARN_UNREACHABLE_CODE = YES;
				CLANG_WARN__DUPLICATE_METHOD_MATCH = YES;
				COPY_PHASE_STRIP = NO;
				DEBUG_INFORMATION_FORMAT = "dwarf-with-dsym";
				ENABLE_NS_ASSERTIONS = NO;
				ENABLE_STRICT_OBJC_MSGSEND = YES;
				GCC_C_LANGUAGE_STANDARD = gnu11;
				GCC_NO_COMMON_BLOCKS = YES;
				GCC_WARN_64_TO_32_BIT_CONVERSION = YES;
				GCC_WARN_ABOUT_RETURN_TYPE = YES_ERROR;
				GCC_WARN_UNDECLARED_SELECTOR = YES;
				GCC_WARN_UNINITIALIZED_AUTOS = YES_AGGRESSIVE;
				GCC_WARN_UNUSED_FUNCTION = YES;
				GCC_WARN_UNUSED_VARIABLE = YES;
				IPHONEOS_DEPLOYMENT_TARGET = 14.2;
				MTL_ENABLE_DEBUG_INFO = NO;
				MTL_FAST_MATH = YES;
				SDKROOT = iphoneos;
				SWIFT_COMPILATION_MODE = wholemodule;
				SWIFT_OPTIMIZATION_LEVEL = "-O";
				VALIDATE_PRODUCT = YES;
			};
			name = Release;
		};
		2C5D8CA02647830700D05CFD /* Debug */ = {
			isa = XCBuildConfiguration;
			buildSettings = {
				ASSETCATALOG_COMPILER_APPICON_NAME = AppIcon;
				ASSETCATALOG_COMPILER_GLOBAL_ACCENT_COLOR_NAME = AccentColor;
				CODE_SIGN_STYLE = Automatic;
				DEVELOPMENT_ASSET_PATHS = "\"Memorize_stanford_2/Preview Content\"";
				DEVELOPMENT_TEAM = X4Q9MUR658;
				ENABLE_PREVIEWS = YES;
				INFOPLIST_FILE = Memorize_stanford_2/Info.plist;
				LD_RUNPATH_SEARCH_PATHS = (
					"$(inherited)",
					"@executable_path/Frameworks",
				);
				PRODUCT_BUNDLE_IDENTIFIER = "com.alpinetest.Memorize-stanford-4";
				PRODUCT_NAME = "$(TARGET_NAME)";
				SWIFT_VERSION = 5.0;
				TARGETED_DEVICE_FAMILY = "1,2";
			};
			name = Debug;
		};
		2C5D8CA12647830700D05CFD /* Release */ = {
			isa = XCBuildConfiguration;
			buildSettings = {
				ASSETCATALOG_COMPILER_APPICON_NAME = AppIcon;
				ASSETCATALOG_COMPILER_GLOBAL_ACCENT_COLOR_NAME = AccentColor;
				CODE_SIGN_STYLE = Automatic;
				DEVELOPMENT_ASSET_PATHS = "\"Memorize_stanford_2/Preview Content\"";
				DEVELOPMENT_TEAM = X4Q9MUR658;
				ENABLE_PREVIEWS = YES;
				INFOPLIST_FILE = Memorize_stanford_2/Info.plist;
				LD_RUNPATH_SEARCH_PATHS = (
					"$(inherited)",
					"@executable_path/Frameworks",
				);
				PRODUCT_BUNDLE_IDENTIFIER = "com.alpinetest.Memorize-stanford-4";
				PRODUCT_NAME = "$(TARGET_NAME)";
				SWIFT_VERSION = 5.0;
				TARGETED_DEVICE_FAMILY = "1,2";
			};
			name = Release;
		};
/* End XCBuildConfiguration section */

/* Begin XCConfigurationList section */
		2C5D8C832647830600D05CFD /* Build configuration list for PBXProject "Memorize_stanford_4" */ = {
			isa = XCConfigurationList;
			buildConfigurations = (
				2C5D8C9D2647830700D05CFD /* Debug */,
				2C5D8C9E2647830700D05CFD /* Release */,
			);
			defaultConfigurationIsVisible = 0;
			defaultConfigurationName = Release;
		};
		2C5D8C9F2647830700D05CFD /* Build configuration list for PBXNativeTarget "Memorize_stanford_4" */ = {
			isa = XCConfigurationList;
			buildConfigurations = (
				2C5D8CA02647830700D05CFD /* Debug */,
				2C5D8CA12647830700D05CFD /* Release */,
			);
			defaultConfigurationIsVisible = 0;
			defaultConfigurationName = Release;
		};
/* End XCConfigurationList section */

/* Begin XCVersionGroup section */
		2C5D8C912647830600D05CFD /* Memorize_stanford_2.xcdatamodeld */ = {
			isa = XCVersionGroup;
			children = (
				2C5D8C922647830600D05CFD /* Memorize_stanford_2.xcdatamodel */,
			);
			currentVersion = 2C5D8C922647830600D05CFD /* Memorize_stanford_2.xcdatamodel */;
			path = Memorize_stanford_2.xcdatamodeld;
			sourceTree = "<group>";
			versionGroupType = wrapper.xcdatamodel;
		};
/* End XCVersionGroup section */
	};
	rootObject = 2C5D8C802647830600D05CFD /* Project object */;
}
